
Microsoft Visual Studio Solution File, Format Version 12.00
# Visual Studio Version 17
VisualStudioVersion = 17.12.35527.113 d17.12
MinimumVisualStudioVersion = 10.0.40219.1
Project("{2150E333-8FDC-42A3-9474-1A3956D46DE8}") = "src", "src", "{69F08E41-6C7F-4DC4-82A9-492EFA930814}"
EndProject
Project("{2150E333-8FDC-42A3-9474-1A3956D46DE8}") = "Api", "Api", "{1AA2DDFF-156B-4E24-89A2-8607BA3655DA}"
EndProject
Project("{2150E333-8FDC-42A3-9474-1A3956D46DE8}") = "App", "App", "{9F8735F7-CFAC-4165-BF65-8BBEB0535405}"
EndProject
Project("{2150E333-8FDC-42A3-9474-1A3956D46DE8}") = "Aspire", "Aspire", "{574BB21A-5F81-4B4D-BA66-9ECAED072401}"
EndProject
Project("{2150E333-8FDC-42A3-9474-1A3956D46DE8}") = "Shared", "Shared", "{EA1ADEFF-3485-4EB5-A315-380FBF8CA49B}"
EndProject
Project("{FAE04EC0-301F-11D3-BF4B-00C04F79EFBC}") = "Lisha.Shared", "src\Shared\Lisha.Shared\Lisha.Shared.csproj", "{0E6E0F68-9539-45CB-BA15-919C6CF497D4}"
EndProject
Project("{FAE04EC0-301F-11D3-BF4B-00C04F79EFBC}") = "Lisha.Domain", "src\Api\Lisha.Domain\Lisha.Domain.csproj", "{B62EFB47-BD85-49E0-8D44-026C686545C5}"
EndProject
Project("{FAE04EC0-301F-11D3-BF4B-00C04F79EFBC}") = "Lisha.Application", "src\Api\Lisha.Application\Lisha.Application.csproj", "{FC7FB2BE-2F25-4435-B1C3-C713AFAD72FE}"
EndProject
Project("{FAE04EC0-301F-11D3-BF4B-00C04F79EFBC}") = "Lisha.Infrastructure", "src\Api\Lisha.Infrastructure\Lisha.Infrastructure.csproj", "{56D465AD-36B5-49AA-BC30-3D21234E6072}"
EndProject
Project("{FAE04EC0-301F-11D3-BF4B-00C04F79EFBC}") = "Lisha.Migrations.MSSQL", "src\Api\Lisha.Migrations.MSSQL\Lisha.Migrations.MSSQL.csproj", "{FBAB76CB-DF7D-4DA7-85C6-570CA0E4C46F}"
EndProject
Project("{FAE04EC0-301F-11D3-BF4B-00C04F79EFBC}") = "Lisha.Api", "src\Api\Lisha.Api\Lisha.Api.csproj", "{07D9C323-3E06-4303-9DE9-AA11C00841FF}"
EndProject
Project("{FAE04EC0-301F-11D3-BF4B-00C04F79EFBC}") = "Lisha.Blazor", "src\App\Lisha.Blazor\Lisha.Blazor\Lisha.Blazor.csproj", "{D078B7B7-ABCF-4E73-97C0-E068CD0B59F7}"
EndProject
Project("{FAE04EC0-301F-11D3-BF4B-00C04F79EFBC}") = "Lisha.Blazor.Client", "src\App\Lisha.Blazor\Lisha.Blazor.Client\Lisha.Blazor.Client.csproj", "{5F33DE41-F303-4406-B3B6-ECAA1E4D8AEE}"
EndProject
Project("{FAE04EC0-301F-11D3-BF4B-00C04F79EFBC}") = "Lisha.Blazor.Infrastructure", "src\App\Lisha.Blazor\Lisha.Blazor.Infrastructure\Lisha.Blazor.Infrastructure.csproj", "{A5700B17-BF77-4CBF-997A-2817BAAEA546}"
EndProject
Project("{FAE04EC0-301F-11D3-BF4B-00C04F79EFBC}") = "Lisha.Blazor.Shared", "src\App\Lisha.Blazor\Lisha.Blazor.Shared\Lisha.Blazor.Shared.csproj", "{A824F04B-5A1D-4427-958C-D229BF65074A}"
EndProject
Project("{FAE04EC0-301F-11D3-BF4B-00C04F79EFBC}") = "Lisha.AppHost", "src\Aspire\Lisha.AppHost\Lisha.AppHost.csproj", "{971E03C0-B694-4AB8-A1E1-B55A0597730C}"
EndProject
Project("{FAE04EC0-301F-11D3-BF4B-00C04F79EFBC}") = "Lisha.ServiceDefaults", "src\Aspire\Lisha.ServiceDefaults\Lisha.ServiceDefaults.csproj", "{392DED4E-74AD-4B1E-B526-156E6BC1CEF0}"
EndProject
Project("{2150E333-8FDC-42A3-9474-1A3956D46DE8}") = "Solution Items", "Solution Items", "{7CD54F5A-7FC2-4801-939A-8D6EE3B4468B}"
	ProjectSection(SolutionItems) = preProject
		Directory.Packages.props = Directory.Packages.props
	EndProjectSection
EndProject
Global
	GlobalSection(SolutionConfigurationPlatforms) = preSolution
		Debug|Any CPU = Debug|Any CPU
		Release|Any CPU = Release|Any CPU
	EndGlobalSection
	GlobalSection(ProjectConfigurationPlatforms) = postSolution
		{0E6E0F68-9539-45CB-BA15-919C6CF497D4}.Debug|Any CPU.ActiveCfg = Debug|Any CPU
		{0E6E0F68-9539-45CB-BA15-919C6CF497D4}.Debug|Any CPU.Build.0 = Debug|Any CPU
		{0E6E0F68-9539-45CB-BA15-919C6CF497D4}.Release|Any CPU.ActiveCfg = Release|Any CPU
		{0E6E0F68-9539-45CB-BA15-919C6CF497D4}.Release|Any CPU.Build.0 = Release|Any CPU
		{B62EFB47-BD85-49E0-8D44-026C686545C5}.Debug|Any CPU.ActiveCfg = Debug|Any CPU
		{B62EFB47-BD85-49E0-8D44-026C686545C5}.Debug|Any CPU.Build.0 = Debug|Any CPU
		{B62EFB47-BD85-49E0-8D44-026C686545C5}.Release|Any CPU.ActiveCfg = Release|Any CPU
		{B62EFB47-BD85-49E0-8D44-026C686545C5}.Release|Any CPU.Build.0 = Release|Any CPU
		{FC7FB2BE-2F25-4435-B1C3-C713AFAD72FE}.Debug|Any CPU.ActiveCfg = Debug|Any CPU
		{FC7FB2BE-2F25-4435-B1C3-C713AFAD72FE}.Debug|Any CPU.Build.0 = Debug|Any CPU
		{FC7FB2BE-2F25-4435-B1C3-C713AFAD72FE}.Release|Any CPU.ActiveCfg = Release|Any CPU
		{FC7FB2BE-2F25-4435-B1C3-C713AFAD72FE}.Release|Any CPU.Build.0 = Release|Any CPU
		{56D465AD-36B5-49AA-BC30-3D21234E6072}.Debug|Any CPU.ActiveCfg = Debug|Any CPU
		{56D465AD-36B5-49AA-BC30-3D21234E6072}.Debug|Any CPU.Build.0 = Debug|Any CPU
		{56D465AD-36B5-49AA-BC30-3D21234E6072}.Release|Any CPU.ActiveCfg = Release|Any CPU
		{56D465AD-36B5-49AA-BC30-3D21234E6072}.Release|Any CPU.Build.0 = Release|Any CPU
		{FBAB76CB-DF7D-4DA7-85C6-570CA0E4C46F}.Debug|Any CPU.ActiveCfg = Debug|Any CPU
		{FBAB76CB-DF7D-4DA7-85C6-570CA0E4C46F}.Debug|Any CPU.Build.0 = Debug|Any CPU
		{FBAB76CB-DF7D-4DA7-85C6-570CA0E4C46F}.Release|Any CPU.ActiveCfg = Release|Any CPU
		{FBAB76CB-DF7D-4DA7-85C6-570CA0E4C46F}.Release|Any CPU.Build.0 = Release|Any CPU
		{07D9C323-3E06-4303-9DE9-AA11C00841FF}.Debug|Any CPU.ActiveCfg = Debug|Any CPU
		{07D9C323-3E06-4303-9DE9-AA11C00841FF}.Debug|Any CPU.Build.0 = Debug|Any CPU
		{07D9C323-3E06-4303-9DE9-AA11C00841FF}.Release|Any CPU.ActiveCfg = Release|Any CPU
		{07D9C323-3E06-4303-9DE9-AA11C00841FF}.Release|Any CPU.Build.0 = Release|Any CPU
		{D078B7B7-ABCF-4E73-97C0-E068CD0B59F7}.Debug|Any CPU.ActiveCfg = Debug|Any CPU
		{D078B7B7-ABCF-4E73-97C0-E068CD0B59F7}.Debug|Any CPU.Build.0 = Debug|Any CPU
		{D078B7B7-ABCF-4E73-97C0-E068CD0B59F7}.Release|Any CPU.ActiveCfg = Release|Any CPU
		{D078B7B7-ABCF-4E73-97C0-E068CD0B59F7}.Release|Any CPU.Build.0 = Release|Any CPU
		{5F33DE41-F303-4406-B3B6-ECAA1E4D8AEE}.Debug|Any CPU.ActiveCfg = Debug|Any CPU
		{5F33DE41-F303-4406-B3B6-ECAA1E4D8AEE}.Debug|Any CPU.Build.0 = Debug|Any CPU
		{5F33DE41-F303-4406-B3B6-ECAA1E4D8AEE}.Release|Any CPU.ActiveCfg = Release|Any CPU
		{5F33DE41-F303-4406-B3B6-ECAA1E4D8AEE}.Release|Any CPU.Build.0 = Release|Any CPU
		{A5700B17-BF77-4CBF-997A-2817BAAEA546}.Debug|Any CPU.ActiveCfg = Debug|Any CPU
		{A5700B17-BF77-4CBF-997A-2817BAAEA546}.Debug|Any CPU.Build.0 = Debug|Any CPU
		{A5700B17-BF77-4CBF-997A-2817BAAEA546}.Release|Any CPU.ActiveCfg = Release|Any CPU
		{A5700B17-BF77-4CBF-997A-2817BAAEA546}.Release|Any CPU.Build.0 = Release|Any CPU
		{A824F04B-5A1D-4427-958C-D229BF65074A}.Debug|Any CPU.ActiveCfg = Debug|Any CPU
		{A824F04B-5A1D-4427-958C-D229BF65074A}.Debug|Any CPU.Build.0 = Debug|Any CPU
		{A824F04B-5A1D-4427-958C-D229BF65074A}.Release|Any CPU.ActiveCfg = Release|Any CPU
		{A824F04B-5A1D-4427-958C-D229BF65074A}.Release|Any CPU.Build.0 = Release|Any CPU
		{971E03C0-B694-4AB8-A1E1-B55A0597730C}.Debug|Any CPU.ActiveCfg = Debug|Any CPU
		{971E03C0-B694-4AB8-A1E1-B55A0597730C}.Debug|Any CPU.Build.0 = Debug|Any CPU
		{971E03C0-B694-4AB8-A1E1-B55A0597730C}.Release|Any CPU.ActiveCfg = Release|Any CPU
		{971E03C0-B694-4AB8-A1E1-B55A0597730C}.Release|Any CPU.Build.0 = Release|Any CPU
		{392DED4E-74AD-4B1E-B526-156E6BC1CEF0}.Debug|Any CPU.ActiveCfg = Debug|Any CPU
		{392DED4E-74AD-4B1E-B526-156E6BC1CEF0}.Debug|Any CPU.Build.0 = Debug|Any CPU
		{392DED4E-74AD-4B1E-B526-156E6BC1CEF0}.Release|Any CPU.ActiveCfg = Release|Any CPU
		{392DED4E-74AD-4B1E-B526-156E6BC1CEF0}.Release|Any CPU.Build.0 = Release|Any CPU
	EndGlobalSection
	GlobalSection(SolutionProperties) = preSolution
		HideSolutionNode = FALSE
	EndGlobalSection
	GlobalSection(NestedProjects) = preSolution
		{1AA2DDFF-156B-4E24-89A2-8607BA3655DA} = {69F08E41-6C7F-4DC4-82A9-492EFA930814}
		{9F8735F7-CFAC-4165-BF65-8BBEB0535405} = {69F08E41-6C7F-4DC4-82A9-492EFA930814}
		{574BB21A-5F81-4B4D-BA66-9ECAED072401} = {69F08E41-6C7F-4DC4-82A9-492EFA930814}
		{EA1ADEFF-3485-4EB5-A315-380FBF8CA49B} = {69F08E41-6C7F-4DC4-82A9-492EFA930814}
		{0E6E0F68-9539-45CB-BA15-919C6CF497D4} = {EA1ADEFF-3485-4EB5-A315-380FBF8CA49B}
		{B62EFB47-BD85-49E0-8D44-026C686545C5} = {1AA2DDFF-156B-4E24-89A2-8607BA3655DA}
		{FC7FB2BE-2F25-4435-B1C3-C713AFAD72FE} = {1AA2DDFF-156B-4E24-89A2-8607BA3655DA}
		{56D465AD-36B5-49AA-BC30-3D21234E6072} = {1AA2DDFF-156B-4E24-89A2-8607BA3655DA}
		{FBAB76CB-DF7D-4DA7-85C6-570CA0E4C46F} = {1AA2DDFF-156B-4E24-89A2-8607BA3655DA}
		{07D9C323-3E06-4303-9DE9-AA11C00841FF} = {1AA2DDFF-156B-4E24-89A2-8607BA3655DA}
		{D078B7B7-ABCF-4E73-97C0-E068CD0B59F7} = {9F8735F7-CFAC-4165-BF65-8BBEB0535405}
		{5F33DE41-F303-4406-B3B6-ECAA1E4D8AEE} = {9F8735F7-CFAC-4165-BF65-8BBEB0535405}
		{A5700B17-BF77-4CBF-997A-2817BAAEA546} = {9F8735F7-CFAC-4165-BF65-8BBEB0535405}
		{A824F04B-5A1D-4427-958C-D229BF65074A} = {9F8735F7-CFAC-4165-BF65-8BBEB0535405}
		{971E03C0-B694-4AB8-A1E1-B55A0597730C} = {574BB21A-5F81-4B4D-BA66-9ECAED072401}
		{392DED4E-74AD-4B1E-B526-156E6BC1CEF0} = {574BB21A-5F81-4B4D-BA66-9ECAED072401}
	EndGlobalSection
EndGlobal
